dependencies:
- name: gcc-api
  repository: https://harbor.teamgeta.net/chartrepo/gcc
  version: v1.0.0
- name: gcc-api
  repository: https://harbor.teamgeta.net/chartrepo/gcc
  version: v1.0.0
- name: gcc-api
  repository: https://harbor.teamgeta.net/chartrepo/gcc
  version: v1.0.0
- name: gcc-api
  repository: https://harbor.teamgeta.net/chartrepo/gcc
  version: v1.0.0
- name: gcc-api
  repository: https://harbor.teamgeta.net/chartrepo/gcc
  version: v1.0.0
- name: gcc-api
  repository: https://harbor.teamgeta.net/chartrepo/gcc
  version: v1.0.0
- name: gcc-api
  repository: https://harbor.teamgeta.net/chartrepo/gcc
  version: v1.0.0
- name: gcc-api
  repository: https://harbor.teamgeta.net/chartrepo/gcc
  version: v1.0.0
- name: gcc-api
  repository: https://harbor.teamgeta.net/chartrepo/gcc
  version: v1.0.0
- name: gcc-api
  repository: https://harbor.teamgeta.net/chartrepo/gcc
  version: v1.0.0
- name: gcc-api
  repository: https://harbor.teamgeta.net/chartrepo/gcc
  version: v1.0.0
- name: gcc-api
  repository: https://harbor.teamgeta.net/chartrepo/gcc
  version: v1.0.0
- name: gcc-api
  repository: https://harbor.teamgeta.net/chartrepo/gcc
  version: v1.0.0
- name: gcc-api
  repository: https://harbor.teamgeta.net/chartrepo/gcc
  version: v1.0.0
- name: gcc-api
  repository: https://harbor.teamgeta.net/chartrepo/gcc
  version: v1.0.0
- name: gcc-api
  repository: https://harbor.teamgeta.net/chartrepo/gcc
  version: v1.0.0
- name: gcc-api
  repository: https://harbor.teamgeta.net/chartrepo/gcc
  version: v1.0.0
- name: gcc-api
  repository: https://harbor.teamgeta.net/chartrepo/gcc
  version: v1.0.0
digest: sha256:be79f313d0b2e2237b5a1c2ea8972abc99021d28eecf5cc741078b487c393241
generated: "2025-07-30T16:00:33.765546+03:00"
